version: 2.0
shards:
  discordcr:
    git: https://github.com/shardlab/discordcr.git
    version: 0.4.0+git.commit.c0adeeacd5ac9e1faba29cc65f4bb1435e4b9865

  hardware:
    git: https://github.com/crystal-community/hardware.git
    version: 0.5.2

  pool:
    git: https://github.com/ysbaddaden/pool.git
    version: 0.2.4

  redis:
    git: https://github.com/stefanwille/crystal-redis.git
    version: 2.7.0

